Microsoft Visual Studio Solution File, Format Version 12.00
# Visual Studio Version 17
VisualStudioVersion = 17.5.2.0
MinimumVisualStudioVersion = 10.0.40219.1
Project("{FAE04EC0-301F-11D3-BF4B-00C04F79EFBC}") = "Modul8", "Modul8.csproj", "{6AFDDA7C-F196-6C02-168B-8F623018597A}"
EndProject
Global
	GlobalSection(SolutionConfigurationPlatforms) = preSolution
		Debug|Any CPU = Debug|Any CPU
		Release|Any CPU = Release|Any CPU
	EndGlobalSection
	GlobalSection(ProjectConfigurationPlatforms) = postSolution
		{6AFDDA7C-F196-6C02-168B-8F623018597A}.Debug|Any CPU.ActiveCfg = Debug|Any CPU
		{6AFDDA7C-F196-6C02-168B-8F623018597A}.Debug|Any CPU.Build.0 = Debug|Any CPU
		{6AFDDA7C-F196-6C02-168B-8F623018597A}.Release|Any CPU.ActiveCfg = Release|Any CPU
		{6AFDDA7C-F196-6C02-168B-8F623018597A}.Release|Any CPU.Build.0 = Release|Any CPU
	EndGlobalSection
	GlobalSection(SolutionProperties) = preSolution
		HideSolutionNode = FALSE
	EndGlobalSection
	GlobalSection(ExtensibilityGlobals) = postSolution
		SolutionGuid = {357941C2-F76B-4BCB-B2E2-B0BBE66EAD51}
	EndGlobalSection
EndGlobal
