Microsoft Visual Studio Solution File, Format Version 12.00
# Visual Studio Version 17
VisualStudioVersion = 17.5.2.0
MinimumVisualStudioVersion = 10.0.40219.1
Project("{FAE04EC0-301F-11D3-BF4B-00C04F79EFBC}") = "Modul7", "Modul7.csproj", "{CBDEC79F-8512-7F34-7B82-CC394A27611D}"
EndProject
Global
	GlobalSection(SolutionConfigurationPlatforms) = preSolution
		Debug|Any CPU = Debug|Any CPU
		Release|Any CPU = Release|Any CPU
	EndGlobalSection
	GlobalSection(ProjectConfigurationPlatforms) = postSolution
		{CBDEC79F-8512-7F34-7B82-CC394A27611D}.Debug|Any CPU.ActiveCfg = Debug|Any CPU
		{CBDEC79F-8512-7F34-7B82-CC394A27611D}.Debug|Any CPU.Build.0 = Debug|Any CPU
		{CBDEC79F-8512-7F34-7B82-CC394A27611D}.Release|Any CPU.ActiveCfg = Release|Any CPU
		{CBDEC79F-8512-7F34-7B82-CC394A27611D}.Release|Any CPU.Build.0 = Release|Any CPU
	EndGlobalSection
	GlobalSection(SolutionProperties) = preSolution
		HideSolutionNode = FALSE
	EndGlobalSection
	GlobalSection(ExtensibilityGlobals) = postSolution
		SolutionGuid = {29A53508-EB62-45A9-957E-2F4277F668A3}
	EndGlobalSection
EndGlobal
