Microsoft Visual Studio Solution File, Format Version 12.00
# Visual Studio Version 17
VisualStudioVersion = 17.5.2.0
MinimumVisualStudioVersion = 10.0.40219.1
Project("{FAE04EC0-301F-11D3-BF4B-00C04F79EFBC}") = "Modul9", "Modul9.csproj", "{A5693450-4DFD-3F1E-FB00-2282F53EED6D}"
EndProject
Global
	GlobalSection(SolutionConfigurationPlatforms) = preSolution
		Debug|Any CPU = Debug|Any CPU
		Release|Any CPU = Release|Any CPU
	EndGlobalSection
	GlobalSection(ProjectConfigurationPlatforms) = postSolution
		{A5693450-4DFD-3F1E-FB00-2282F53EED6D}.Debug|Any CPU.ActiveCfg = Debug|Any CPU
		{A5693450-4DFD-3F1E-FB00-2282F53EED6D}.Debug|Any CPU.Build.0 = Debug|Any CPU
		{A5693450-4DFD-3F1E-FB00-2282F53EED6D}.Release|Any CPU.ActiveCfg = Release|Any CPU
		{A5693450-4DFD-3F1E-FB00-2282F53EED6D}.Release|Any CPU.Build.0 = Release|Any CPU
	EndGlobalSection
	GlobalSection(SolutionProperties) = preSolution
		HideSolutionNode = FALSE
	EndGlobalSection
	GlobalSection(ExtensibilityGlobals) = postSolution
		SolutionGuid = {52990B5B-6FF4-4312-A56B-2D96C464E67D}
	EndGlobalSection
EndGlobal
